
Microsoft Visual Studio Solution File, Format Version 12.00
# Visual Studio Version 18
VisualStudioVersion = 18.1.11312.151
MinimumVisualStudioVersion = 10.0.40219.1
Project("{9A19103F-16F7-4668-BE54-9A1E7A4F7556}") = "Calendarium", "DotNet8\Calendarium.csproj", "{193F3294-84EE-4118-8C07-787704203649}"
EndProject
Project("{2150E333-8FDC-42A3-9474-1A3956D46DE8}") = "Solution Items", "Solution Items", "{D76465E6-304E-4E6A-A195-42FC454AB041}"
	ProjectSection(SolutionItems) = preProject
		.editorconfig = .editorconfig
		CA\index.html = CA\index.html
		CA\index22.html = CA\index22.html
		CA\index33.html = CA\index33.html
		README.md = README.md
	EndProjectSection
EndProject
Project("{9A19103F-16F7-4668-BE54-9A1E7A4F7556}") = "AAA_TEST_Console", "Xtra_TEST_Console\AAA_TEST_Console.csproj", "{71FBC14F-0FD7-4417-BE53-6C64860E4C26}"
EndProject
Project("{FAE04EC0-301F-11D3-BF4B-00C04F79EFBC}") = "WinFormsFreeSpacer", "WinFormApp\WinFormsApp1\WinFormsApp1\WinFormsFreeSpacer.csproj", "{01A8E73E-345C-418F-92B7-DDF8E65F9902}"
EndProject
Project("{FAE04EC0-301F-11D3-BF4B-00C04F79EFBC}") = "Test_Async", "Test_Async\Test_Async.csproj", "{812F63CE-A77E-4230-A7B4-8C219BA91CD9}"
EndProject
Project("{FAE04EC0-301F-11D3-BF4B-00C04F79EFBC}") = "Sortings", "Sortings\Sortings.csproj", "{527653A5-F452-4BA8-ADEF-D974122B5E79}"
EndProject
Project("{FAE04EC0-301F-11D3-BF4B-00C04F79EFBC}") = "AntiDup", "AntiDup\AntiDup.csproj", "{02AEAAEF-1C68-47AD-B53B-E5895D13B309}"
EndProject
Project("{FAE04EC0-301F-11D3-BF4B-00C04F79EFBC}") = "WebView2Starter", "WebView2Starter\WebView2Starter.csproj", "{CCD77C8F-515E-46A0-ADDE-B6BC241B4192}"
EndProject
Project("{FAE04EC0-301F-11D3-BF4B-00C04F79EFBC}") = "AntiDupApp", "AntiDupApp\AntiDupApp.csproj", "{5E5D24C0-1B5C-4D4F-8AFF-CB7CDB66CA28}"
EndProject
Global
	GlobalSection(SolutionConfigurationPlatforms) = preSolution
		Debug|Any CPU = Debug|Any CPU
		Release|Any CPU = Release|Any CPU
	EndGlobalSection
	GlobalSection(ProjectConfigurationPlatforms) = postSolution
		{193F3294-84EE-4118-8C07-787704203649}.Debug|Any CPU.ActiveCfg = Debug|Any CPU
		{193F3294-84EE-4118-8C07-787704203649}.Debug|Any CPU.Build.0 = Debug|Any CPU
		{193F3294-84EE-4118-8C07-787704203649}.Release|Any CPU.ActiveCfg = Release|Any CPU
		{193F3294-84EE-4118-8C07-787704203649}.Release|Any CPU.Build.0 = Release|Any CPU
		{71FBC14F-0FD7-4417-BE53-6C64860E4C26}.Debug|Any CPU.ActiveCfg = Debug|Any CPU
		{71FBC14F-0FD7-4417-BE53-6C64860E4C26}.Debug|Any CPU.Build.0 = Debug|Any CPU
		{71FBC14F-0FD7-4417-BE53-6C64860E4C26}.Release|Any CPU.ActiveCfg = Release|Any CPU
		{71FBC14F-0FD7-4417-BE53-6C64860E4C26}.Release|Any CPU.Build.0 = Release|Any CPU
		{01A8E73E-345C-418F-92B7-DDF8E65F9902}.Debug|Any CPU.ActiveCfg = Debug|Any CPU
		{01A8E73E-345C-418F-92B7-DDF8E65F9902}.Debug|Any CPU.Build.0 = Debug|Any CPU
		{01A8E73E-345C-418F-92B7-DDF8E65F9902}.Release|Any CPU.ActiveCfg = Release|Any CPU
		{01A8E73E-345C-418F-92B7-DDF8E65F9902}.Release|Any CPU.Build.0 = Release|Any CPU
		{812F63CE-A77E-4230-A7B4-8C219BA91CD9}.Debug|Any CPU.ActiveCfg = Debug|Any CPU
		{812F63CE-A77E-4230-A7B4-8C219BA91CD9}.Debug|Any CPU.Build.0 = Debug|Any CPU
		{812F63CE-A77E-4230-A7B4-8C219BA91CD9}.Release|Any CPU.ActiveCfg = Release|Any CPU
		{812F63CE-A77E-4230-A7B4-8C219BA91CD9}.Release|Any CPU.Build.0 = Release|Any CPU
		{527653A5-F452-4BA8-ADEF-D974122B5E79}.Debug|Any CPU.ActiveCfg = Debug|Any CPU
		{527653A5-F452-4BA8-ADEF-D974122B5E79}.Debug|Any CPU.Build.0 = Debug|Any CPU
		{527653A5-F452-4BA8-ADEF-D974122B5E79}.Release|Any CPU.ActiveCfg = Release|Any CPU
		{527653A5-F452-4BA8-ADEF-D974122B5E79}.Release|Any CPU.Build.0 = Release|Any CPU
		{02AEAAEF-1C68-47AD-B53B-E5895D13B309}.Debug|Any CPU.ActiveCfg = Debug|Any CPU
		{02AEAAEF-1C68-47AD-B53B-E5895D13B309}.Debug|Any CPU.Build.0 = Debug|Any CPU
		{02AEAAEF-1C68-47AD-B53B-E5895D13B309}.Release|Any CPU.ActiveCfg = Release|Any CPU
		{02AEAAEF-1C68-47AD-B53B-E5895D13B309}.Release|Any CPU.Build.0 = Release|Any CPU
		{CCD77C8F-515E-46A0-ADDE-B6BC241B4192}.Debug|Any CPU.ActiveCfg = Debug|Any CPU
		{CCD77C8F-515E-46A0-ADDE-B6BC241B4192}.Debug|Any CPU.Build.0 = Debug|Any CPU
		{CCD77C8F-515E-46A0-ADDE-B6BC241B4192}.Release|Any CPU.ActiveCfg = Release|Any CPU
		{CCD77C8F-515E-46A0-ADDE-B6BC241B4192}.Release|Any CPU.Build.0 = Release|Any CPU
		{5E5D24C0-1B5C-4D4F-8AFF-CB7CDB66CA28}.Debug|Any CPU.ActiveCfg = Debug|Any CPU
		{5E5D24C0-1B5C-4D4F-8AFF-CB7CDB66CA28}.Debug|Any CPU.Build.0 = Debug|Any CPU
		{5E5D24C0-1B5C-4D4F-8AFF-CB7CDB66CA28}.Release|Any CPU.ActiveCfg = Release|Any CPU
		{5E5D24C0-1B5C-4D4F-8AFF-CB7CDB66CA28}.Release|Any CPU.Build.0 = Release|Any CPU
	EndGlobalSection
	GlobalSection(SolutionProperties) = preSolution
		HideSolutionNode = FALSE
	EndGlobalSection
	GlobalSection(ExtensibilityGlobals) = postSolution
		SolutionGuid = {E95980D4-8CA0-45BC-B7EF-FEFC97C4B059}
	EndGlobalSection
EndGlobal
